// !$*UTF8*$!
{
	archiveVersion = 1;
	classes = {
	};
	objectVersion = 50;
	objects = {

/* Begin PBXFileReference section */
		7CD0C26020BDA156009E495C /* decoder.py */ = {isa = PBXFileReference; lastKnownFileType = text.script.python; path = decoder.py; sourceTree = "<group>"; };
/* End PBXFileReference section */

/* Begin PBXGroup section */
		7CD0C25820BDA099009E495C = {
			isa = PBXGroup;
			children = (
				7CD0C26020BDA156009E495C /* decoder.py */,
			);
			sourceTree = "<group>";
		};
/* End PBXGroup section */

/* Begin PBXProject section */
		7CD0C25920BDA099009E495C /* Project object */ = {
			isa = PBXProject;
			attributes = {
				LastUpgradeCheck = 0940;
			};
			buildConfigurationList = 7CD0C25C20BDA099009E495C /* Build configuration list for PBXProject "decoder" */;
			compatibilityVersion = "Xcode 9.3";
			developmentRegion = en;
			hasScannedForEncodings = 0;
			knownRegions = (
				en,
			);
			mainGroup = 7CD0C25820BDA099009E495C;
			projectDirPath = "";
			projectRoot = "";
			targets = (
			);
		};
/* End PBXProject section */

/* Begin XCBuildConfiguration section */
		7CD0C25D20BDA099009E495C /* Debug */ = {
			isa = XCBuildConfiguration;
			buildSettings = {
			};
			name = Debug;
		};
		7CD0C25E20BDA099009E495C /* Release */ = {
			isa = XCBuildConfiguration;
			buildSettings = {
			};
			name = Release;
		};
/* End XCBuildConfiguration section */

/* Begin XCConfigurationList section */
		7CD0C25C20BDA099009E495C /* Build configuration list for PBXProject "decoder" */ = {
			isa = XCConfigurationList;
			buildConfigurations = (
				7CD0C25D20BDA099009E495C /* Debug */,
				7CD0C25E20BDA099009E495C /* Release */,
			);
			defaultConfigurationIsVisible = 0;
			defaultConfigurationName = Release;
		};
/* End XCConfigurationList section */
	};
	rootObject = 7CD0C25920BDA099009E495C /* Project object */;
}
